{
  "version": 4,
  "terraform_version": "1.13.1",
  "serial": 9,
  "lineage": "351dadb5-a608-07a0-c63c-0a6d7ced4841",
  "outputs": {
    "k8s_cluster_id": {
      "value": "catdeei5jipami9e9315",
      "type": "string"
    },
    "node_group_id": {
      "value": "catfn38gjgmmknn8k697",
      "type": "string"
    }
  },
  "resources": [
    {
      "mode": "managed",
      "type": "yandex_kubernetes_cluster",
      "name": "otus_cluster",
      "provider": "provider[\"registry.terraform.io/yandex-cloud/yandex\"]",
      "instances": [
        {
          "schema_version": 0,
          "attributes": {
            "cluster_ipv4_range": "10.112.0.0/16",
            "cluster_ipv6_range": "",
            "created_at": "2025-09-06T11:33:00Z",
            "description": "",
            "folder_id": "b1ggu28iio54rrb54vkc",
            "health": "healthy",
            "id": "catdeei5jipami9e9315",
            "kms_provider": [],
            "labels": {},
            "log_group_id": "",
            "master": [
              {
                "cluster_ca_certificate": "-----BEGIN CERTIFICATE-----\nMIIC5zCCAc+gAwIBAgIBADANBgkqhkiG9w0BAQsFADAVMRMwEQYDVQQDEwprdWJl\ncm5ldGVzMB4XDTI1MDkwNjExMzMwMloXDTM1MDkwNDExMzMwMlowFTETMBEGA1UE\nAxMKa3ViZXJuZXRlczCCASIwDQYJKoZIhvcNAQEBBQADggEPADCCAQoCggEBALl3\nIcNhPSXHrVvxTtMQ0ZDZTAVOYtj4jrisj4B+jlheOl3HEKeypWYGpY1xp3EO9xVy\nrpgclxBl6ciWeuIHOMdYebb5/7rEqJueSLv4Mwm7uGiLW8MO8CCUh2eKx0hiseVJ\nGS+iNMCTrz7sJrE8Y0UugljIVIUhrXX+hLLiPyfOQd16nkzcrCaiPU+Y+an3YzEc\nwSIbMIwoHadPnePhwyz6l7k8S4XDn6SLp7NsM2SWeaq4Qk4xwyt4WyEzsDFtV3cZ\nybpkfQTp73hpQd8oCRFLc7fpT4PQ9wnxbtV9Mwbm5Wz3fencttht9wHvxHUc10Ku\ndJK/TQeFy//kRYeABk0CAwEAAaNCMEAwDgYDVR0PAQH/BAQDAgKkMA8GA1UdEwEB\n/wQFMAMBAf8wHQYDVR0OBBYEFAb51rdswbebSLnnaSIjj8+YSvFWMA0GCSqGSIb3\nDQEBCwUAA4IBAQAwl4dVJMqOl/LvO591HM9YMoU+MzGVaE3+Sg4vcfGHL6r9Iih/\nzFNvdoOe9zLKUYTwTrOCpTYYZT5/NB4AGz2ZiZboup4xp2LjoMEw8MXXHfBDF3sm\nzKQ9HTOgEaWhEZMivWwEpYjYATOLxa60WgientrcB7p0cjj6Ox5JOtFKSNUsU3PM\n5M0UyY3pcEO19luCPjA2AezXkWhyS4uKsOjrzchCDyowHKV41I8SKyuEnBFM9+bt\n8/xZL5loOjOi+L+U9fCFZQAJNHuXZHG2fiCWgEy9Pv3QbPueKx+LUIjPPnS2Kl5f\nqDGQlP6zJO5rsQV89Aj2y0a7wC4XqCD6GKgj\n-----END CERTIFICATE-----\n",
                "etcd_cluster_size": 1,
                "external_v4_address": "158.160.98.128",
                "external_v4_endpoint": "https://158.160.98.128",
                "external_v6_address": "",
                "external_v6_endpoint": "",
                "internal_v4_address": "10.0.0.32",
                "internal_v4_endpoint": "https://10.0.0.32",
                "maintenance_policy": [
                  {
                    "auto_upgrade": true,
                    "maintenance_window": []
                  }
                ],
                "master_location": [
                  {
                    "subnet_id": "e9b6g47mnl11e0iqga90",
                    "zone": "ru-central1-a"
                  }
                ],
                "master_logging": [],
                "public_ip": true,
                "regional": [],
                "scale_policy": [
                  {
                    "auto_scale": [
                      {
                        "min_resource_preset_id": "s-c2-m8"
                      }
                    ]
                  }
                ],
                "security_group_ids": null,
                "version": "1.31",
                "version_info": [
                  {
                    "current_version": "1.31",
                    "new_revision_available": false,
                    "new_revision_summary": "",
                    "version_deprecated": false
                  }
                ],
                "zonal": [
                  {
                    "subnet_id": "e9b6g47mnl11e0iqga90",
                    "zone": "ru-central1-a"
                  }
                ]
              }
            ],
            "name": "otus-k8s-cluster",
            "network_id": "enpkmhnh798kblkbm98f",
            "network_implementation": [],
            "network_policy_provider": null,
            "node_ipv4_cidr_mask_size": 24,
            "node_service_account_id": "ajencc7vc5in0mkkuaps",
            "release_channel": "REGULAR",
            "service_account_id": "ajencc7vc5in0mkkuaps",
            "service_ipv4_range": "10.96.0.0/16",
            "service_ipv6_range": "",
            "status": "running",
            "timeouts": null
          },
          "sensitive_attributes": [],
          "identity_schema_version": 0,
          "private": "eyJlMmJmYjczMC1lY2FhLTExZTYtOGY4OC0zNDM2M2JjN2M0YzAiOnsiY3JlYXRlIjoxODAwMDAwMDAwMDAwLCJkZWxldGUiOjEyMDAwMDAwMDAwMDAsInJlYWQiOjMwMDAwMDAwMDAwMCwidXBkYXRlIjoxODAwMDAwMDAwMDAwfX0=",
          "dependencies": [
            "yandex_vpc_network.otus_net",
            "yandex_vpc_subnet.otus_subnet"
          ]
        }
      ]
    },
    {
      "mode": "managed",
      "type": "yandex_kubernetes_node_group",
      "name": "otus_nodes",
      "provider": "provider[\"registry.terraform.io/yandex-cloud/yandex\"]",
      "instances": [
        {
          "schema_version": 0,
          "attributes": {
            "allocation_policy": [
              {
                "location": [
                  {
                    "subnet_id": "e9b6g47mnl11e0iqga90",
                    "zone": "ru-central1-a"
                  }
                ]
              }
            ],
            "allowed_unsafe_sysctls": null,
            "cluster_id": "catdeei5jipami9e9315",
            "created_at": "2025-09-06T11:40:23Z",
            "deploy_policy": [
              {
                "max_expansion": 3,
                "max_unavailable": 0
              }
            ],
            "description": "",
            "id": "catfn38gjgmmknn8k697",
            "instance_group_id": "cl1pdt57qs7sq623ovmr",
            "instance_template": [
              {
                "boot_disk": [
                  {
                    "size": 50,
                    "type": "network-ssd"
                  }
                ],
                "container_network": [
                  {
                    "pod_mtu": 0
                  }
                ],
                "container_runtime": [],
                "gpu_settings": [],
                "labels": null,
                "metadata": {},
                "name": "",
                "nat": true,
                "network_acceleration_type": "type_unspecified",
                "network_interface": [
                  {
                    "ipv4": true,
                    "ipv4_dns_records": [],
                    "ipv6": false,
                    "ipv6_dns_records": [],
                    "nat": true,
                    "security_group_ids": null,
                    "subnet_ids": [
                      "e9b6g47mnl11e0iqga90"
                    ]
                  }
                ],
                "placement_policy": [],
                "platform_id": "standard-v3",
                "resources": [
                  {
                    "core_fraction": 100,
                    "cores": 2,
                    "gpus": 0,
                    "memory": 4
                  }
                ],
                "scheduling_policy": [
                  {
                    "preemptible": false
                  }
                ]
              }
            ],
            "labels": {},
            "maintenance_policy": [
              {
                "auto_repair": true,
                "auto_upgrade": true,
                "maintenance_window": []
              }
            ],
            "name": "otus-node-group",
            "node_labels": null,
            "node_taints": null,
            "scale_policy": [
              {
                "auto_scale": [],
                "fixed_scale": [
                  {
                    "size": 2
                  }
                ]
              }
            ],
            "status": "running",
            "timeouts": null,
            "version": "1.31",
            "version_info": [
              {
                "current_version": "1.31",
                "new_revision_available": false,
                "new_revision_summary": "",
                "version_deprecated": false
              }
            ]
          },
          "sensitive_attributes": [],
          "identity_schema_version": 0,
          "private": "eyJlMmJmYjczMC1lY2FhLTExZTYtOGY4OC0zNDM2M2JjN2M0YzAiOnsiY3JlYXRlIjozNjAwMDAwMDAwMDAwLCJkZWxldGUiOjEyMDAwMDAwMDAwMDAsInJlYWQiOjYwMDAwMDAwMDAwMCwidXBkYXRlIjozNjAwMDAwMDAwMDAwfX0=",
          "dependencies": [
            "yandex_kubernetes_cluster.otus_cluster",
            "yandex_vpc_network.otus_net",
            "yandex_vpc_subnet.otus_subnet"
          ]
        }
      ]
    },
    {
      "mode": "managed",
      "type": "yandex_vpc_network",
      "name": "otus_net",
      "provider": "provider[\"registry.terraform.io/yandex-cloud/yandex\"]",
      "instances": [
        {
          "schema_version": 0,
          "attributes": {
            "created_at": "2025-09-06T10:48:29Z",
            "default_security_group_id": "enpomgmfl695fsgicjc5",
            "description": "",
            "folder_id": "b1ggu28iio54rrb54vkc",
            "id": "enpkmhnh798kblkbm98f",
            "labels": {},
            "name": "otus-vpc",
            "subnet_ids": [
              "e9b6g47mnl11e0iqga90"
            ],
            "timeouts": null
          },
          "sensitive_attributes": [],
          "identity_schema_version": 0,
          "private": "eyJlMmJmYjczMC1lY2FhLTExZTYtOGY4OC0zNDM2M2JjN2M0YzAiOnsiY3JlYXRlIjo2MDAwMDAwMDAwMCwiZGVsZXRlIjo2MDAwMDAwMDAwMCwidXBkYXRlIjo2MDAwMDAwMDAwMH19"
        }
      ]
    },
    {
      "mode": "managed",
      "type": "yandex_vpc_subnet",
      "name": "otus_subnet",
      "provider": "provider[\"registry.terraform.io/yandex-cloud/yandex\"]",
      "instances": [
        {
          "schema_version": 0,
          "attributes": {
            "created_at": "2025-09-06T10:48:32Z",
            "description": "",
            "dhcp_options": [],
            "folder_id": "b1ggu28iio54rrb54vkc",
            "id": "e9b6g47mnl11e0iqga90",
            "labels": {},
            "name": "otus-subnet",
            "network_id": "enpkmhnh798kblkbm98f",
            "route_table_id": "",
            "timeouts": null,
            "v4_cidr_blocks": [
              "10.0.0.0/24"
            ],
            "v6_cidr_blocks": [],
            "zone": "ru-central1-a"
          },
          "sensitive_attributes": [],
          "identity_schema_version": 0,
          "private": "eyJlMmJmYjczMC1lY2FhLTExZTYtOGY4OC0zNDM2M2JjN2M0YzAiOnsiY3JlYXRlIjoxODAwMDAwMDAwMDAsImRlbGV0ZSI6MTgwMDAwMDAwMDAwLCJ1cGRhdGUiOjE4MDAwMDAwMDAwMH19",
          "dependencies": [
            "yandex_vpc_network.otus_net"
          ]
        }
      ]
    }
  ],
  "check_results": null
}
